{
  "lockfileVersion": 1,
  "configVersion": 1,
  "workspaces": {
    "": {
      "name": "html-to-markdown-bun-test-app",
      "dependencies": {
        "@kreuzberg/html-to-markdown": "2.28.2",
      },
      "devDependencies": {
        "@types/bun": "latest",
      },
    },
  },
  "packages": {
    "@emnapi/runtime": ["@emnapi/runtime@1.7.1", "", { "dependencies": { "tslib": "^2.4.0" } }, "sha512-PVtJr5CmLwYAU9PZDMITZoR5iAOShYREoR45EyyLrbntV50mdePTgUn4AmOw90Ifcj+x2kRjdzr1HP3RrNiHGA=="],

    "@kreuzberg/html-to-markdown": ["@kreuzberg/html-to-markdown@2.28.2", "", { "dependencies": { "@kreuzberg/html-to-markdown-node": "2.28.2" }, "bin": { "html-to-markdown": "dist/cli.js" } }, "sha512-UxuxV3z2VruDthwaZLgArKzDr3urOL2CEPIuCrCxckFucwCwB0ybKZWV3e9oTanz7BqpPZnxuCpnCx3daJ0HDw=="],

    "@kreuzberg/html-to-markdown-node": ["@kreuzberg/html-to-markdown-node@2.28.2", "", { "dependencies": { "@emnapi/runtime": "1.7.1" }, "optionalDependencies": { "@kreuzberg/html-to-markdown-node-darwin-arm64": "2.28.2", "@kreuzberg/html-to-markdown-node-darwin-x64": "2.28.2", "@kreuzberg/html-to-markdown-node-linux-arm-gnueabihf": "2.28.2", "@kreuzberg/html-to-markdown-node-linux-arm64-gnu": "2.28.2", "@kreuzberg/html-to-markdown-node-linux-arm64-musl": "2.28.2", "@kreuzberg/html-to-markdown-node-linux-x64-gnu": "2.28.2", "@kreuzberg/html-to-markdown-node-linux-x64-musl": "2.28.2", "@kreuzberg/html-to-markdown-node-win32-arm64-msvc": "2.28.2", "@kreuzberg/html-to-markdown-node-win32-x64-msvc": "2.28.2" } }, "sha512-DDUC+36SVxuUu5E3iqPiX/861QsuyWZzZugAZqi2pPABPUafdSXmLZCQJ/TqnhdArGClwBu12KJy4ENG+POUDg=="],

    "@kreuzberg/html-to-markdown-node-darwin-arm64": ["@kreuzberg/html-to-markdown-node-darwin-arm64@2.28.2", "", { "os": "darwin", "cpu": "arm64" }, "sha512-8ALQqdB7qDzZ4hgnisl+Z2T5zICjJ+UcV8aPCYT0Y4DA4Iv+MAjY4c9kDULjnwWhu/RMdJWA47EMBr2x2rF6oA=="],

    "@kreuzberg/html-to-markdown-node-darwin-x64": ["@kreuzberg/html-to-markdown-node-darwin-x64@2.28.2", "", { "os": "darwin", "cpu": "x64" }, "sha512-oSakcJWNFSi7WjFf2dyivD9IJUpEi2N/KVF3T10EUk5DHnIxNzO9PtLyhGpSeS/zNPHSVNtzyktoZaZBcvdLYw=="],

    "@kreuzberg/html-to-markdown-node-linux-arm-gnueabihf": ["@kreuzberg/html-to-markdown-node-linux-arm-gnueabihf@2.28.2", "", { "os": "linux", "cpu": "arm" }, "sha512-GvCSvxunjhOri2SgXbuunqYst85cPzJvxmWbgqFgpf8J/ol7ND5s/M6IBFxXdipyRfbbfDFQ90J8GYJ7WNnzxQ=="],

    "@kreuzberg/html-to-markdown-node-linux-arm64-gnu": ["@kreuzberg/html-to-markdown-node-linux-arm64-gnu@2.28.2", "", { "os": "linux", "cpu": "arm64" }, "sha512-eziBYYwEafOCS0a12gwqQKm5QIlqiXe6s3pwdBETkLz8e06cWAm27x1AiGouW2HWsXZEzcxhNEAsSG51U1/0Kg=="],

    "@kreuzberg/html-to-markdown-node-linux-arm64-musl": ["@kreuzberg/html-to-markdown-node-linux-arm64-musl@2.28.2", "", { "os": "linux", "cpu": "arm64" }, "sha512-t1v9eTJeByaz6BNw99/GQyIwatMxl2VukwrQM141lEGTsHfsZWBjBphLN+ec9WTa6OC+vawkNRFRioBh5EWqVA=="],

    "@kreuzberg/html-to-markdown-node-linux-x64-gnu": ["@kreuzberg/html-to-markdown-node-linux-x64-gnu@2.28.2", "", { "os": "linux", "cpu": "x64" }, "sha512-SL9FkfmbdwVS+Q4DVlJ0e5XTI+EeBT+TVhJnNZa/EmbXDvijl21/fj7Nl3fJ5DPDqu9vtgETjGwtEjzuv4mGWg=="],

    "@kreuzberg/html-to-markdown-node-linux-x64-musl": ["@kreuzberg/html-to-markdown-node-linux-x64-musl@2.28.2", "", { "os": "linux", "cpu": "x64" }, "sha512-ZihIX5M1uK1THOeQLJWVa6XxQcwG0YtjzIXRWYRmUvnbVF4lzXAmTWogYptNplMWzQJUWQgqaMZl0ZWdIgYlYw=="],

    "@kreuzberg/html-to-markdown-node-win32-arm64-msvc": ["@kreuzberg/html-to-markdown-node-win32-arm64-msvc@2.28.2", "", { "os": "win32", "cpu": "arm64" }, "sha512-Bs55Xt0BHrj/dwBfRDEszq09L7AajZxnbGVJ7F/o8Gh1jey7QX+kpkx0Kht0tu/vlLnp1Ia9Q1ASDgegkSHTQg=="],

    "@kreuzberg/html-to-markdown-node-win32-x64-msvc": ["@kreuzberg/html-to-markdown-node-win32-x64-msvc@2.28.2", "", { "os": "win32", "cpu": "x64" }, "sha512-Oijdx/SDMF9T888gYygkoGO6uJfdaf1OrkDuBUXM1QMhiR4XUWFKicRrNg6UuMfdORcRJrJbBTw1cPp+mfCL6w=="],

    "@types/bun": ["@types/bun@1.3.10", "", { "dependencies": { "bun-types": "1.3.10" } }, "sha512-0+rlrUrOrTSskibryHbvQkDOWRJwJZqZlxrUs1u4oOoTln8+WIXBPmAuCF35SWB2z4Zl3E84Nl/D0P7803nigQ=="],

    "@types/node": ["@types/node@25.3.5", "", { "dependencies": { "undici-types": "~7.18.0" } }, "sha512-oX8xrhvpiyRCQkG1MFchB09f+cXftgIXb3a7UUa4Y3wpmZPw5tyZGTLWhlESOLq1Rq6oDlc8npVU2/9xiCuXMA=="],

    "bun-types": ["bun-types@1.3.10", "", { "dependencies": { "@types/node": "*" } }, "sha512-tcpfCCl6XWo6nCVnpcVrxQ+9AYN1iqMIzgrSKYMB/fjLtV2eyAVEg7AxQJuCq/26R6HpKWykQXuSOq/21RYcbg=="],

    "tslib": ["tslib@2.8.1", "", {}, "sha512-oJFu94HQb+KVduSUQL7wnpmqnfmLsOA/nAh6b6EH0wCEoK0/mPeXU6c3wKDV83MkOuHPRHtSXKKU99IBazS/2w=="],

    "undici-types": ["undici-types@7.18.2", "", {}, "sha512-AsuCzffGHJybSaRrmr5eHr81mwJU3kjw6M+uprWvCXiNeN9SOGwQ3Jn8jb8m3Z6izVgknn1R0FTCEAP2QrLY/w=="],
  }
}
