GEM
  remote: https://rubygems.org/
  specs:
    diff-lcs (1.6.2)
    html-to-markdown (2.19.1)
      rb_sys (>= 0.9, < 1.0)
    rake-compiler-dock (1.10.0)
    rb_sys (0.9.123)
      rake-compiler-dock (= 1.10.0)
    rspec (3.13.2)
      rspec-core (~> 3.13.0)
      rspec-expectations (~> 3.13.0)
      rspec-mocks (~> 3.13.0)
    rspec-core (3.13.6)
      rspec-support (~> 3.13.0)
    rspec-expectations (3.13.5)
      diff-lcs (>= 1.2.0, < 2.0)
      rspec-support (~> 3.13.0)
    rspec-mocks (3.13.7)
      diff-lcs (>= 1.2.0, < 2.0)
      rspec-support (~> 3.13.0)
    rspec-support (3.13.6)

PLATFORMS
  arm64-darwin-25
  ruby

DEPENDENCIES
  html-to-markdown (>= 2.19.1)
  rspec (~> 3.12)

CHECKSUMS
  diff-lcs (1.6.2) sha256=9ae0d2cba7d4df3075fe8cd8602a8604993efc0dfa934cff568969efb1909962
  html-to-markdown (2.19.1) sha256=772a6191e1611b5c8364131e115def7a78bf7ec6235662a3e783ca956912fbe0
  rake-compiler-dock (1.10.0) sha256=dd62ee19df2a185a3315697e560cfa8cc9129901332152851e023fab0e94bf11
  rb_sys (0.9.123) sha256=c22ae84d1bca3eec0f13a45ae4ca9ba6eace93d5be270a40a9c0a9a5b92a34e5
  rspec (3.13.2) sha256=206284a08ad798e61f86d7ca3e376718d52c0bc944626b2349266f239f820587
  rspec-core (3.13.6) sha256=a8823c6411667b60a8bca135364351dda34cd55e44ff94c4be4633b37d828b2d
  rspec-expectations (3.13.5) sha256=33a4d3a1d95060aea4c94e9f237030a8f9eae5615e9bd85718fe3a09e4b58836
  rspec-mocks (3.13.7) sha256=0979034e64b1d7a838aaaddf12bf065ea4dc40ef3d4c39f01f93ae2c66c62b1c
  rspec-support (3.13.6) sha256=2e8de3702427eab064c9352fe74488cc12a1bfae887ad8b91cba480ec9f8afb2

BUNDLED WITH
  4.0.3
