%{
  "html_to_markdown": {:hex, :html_to_markdown, "2.19.1", "f46eb6aafceb2937ff764a97f9a40267202d5b118210f5828542bda21662608b", [:mix], [{:jason, "~> 1.4", [hex: :jason, repo: "hexpm", optional: false]}, {:rustler, "~> 0.33.0", [hex: :rustler, repo: "hexpm", optional: false]}], "hexpm", "6b29d2c8e9e23f93919a73db3ff47cb2db71a05c2af0030f5ed058891b654f89"},
  "jason": {:hex, :jason, "1.4.4", "b9226785a9aa77b6857ca22832cffa5d5011a667207eb2a0ad56adb5db443b8a", [:mix], [{:decimal, "~> 1.0 or ~> 2.0", [hex: :decimal, repo: "hexpm", optional: true]}], "hexpm", "c5eb0cab91f094599f94d55bc63409236a8ec69a21a67814529e8d5f6cc90b3b"},
  "rustler": {:hex, :rustler, "0.33.0", "4a5b0a7a7b0b51549bea49947beff6fae9bc5d5326104dcd4531261e876b5619", [:mix], [{:jason, "~> 1.0", [hex: :jason, repo: "hexpm", optional: false]}, {:toml, "~> 0.6", [hex: :toml, repo: "hexpm", optional: false]}], "hexpm", "7c4752728fee59a815ffd20c3429c55b644041f25129b29cdeb5c470b80ec5fd"},
  "toml": {:hex, :toml, "0.7.0", "fbcd773caa937d0c7a02c301a1feea25612720ac3fa1ccb8bfd9d30d822911de", [:mix], [], "hexpm", "0690246a2478c1defd100b0c9b89b4ea280a22be9a7b313a8a058a2408a2fa70"},
}
